// !$*UTF8*$!
{
	archiveVersion = 1;
	classes = {
	};
	objectVersion = 50;
	objects = {

/* Begin PBXBuildFile section */
		BD3F854223F5F10700CFB1D2 /* AppDelegate.swift in Sources */ = {isa = PBXBuildFile; fileRef = BD3F854123F5F10700CFB1D2 /* AppDelegate.swift */; };
		BD3F854E23F5F10900CFB1D2 /* LaunchScreen.storyboard in Resources */ = {isa = PBXBuildFile; fileRef = BD3F854C23F5F10900CFB1D2 /* LaunchScreen.storyboard */; };
		BD3F855A23F5F16900CFB1D2 /* Profile.swift in Sources */ = {isa = PBXBuildFile; fileRef = BD3F855523F5F16800CFB1D2 /* Profile.swift */; };
		BD3F855B23F5F16900CFB1D2 /* SceneDelegate.swift in Sources */ = {isa = PBXBuildFile; fileRef = BD3F855623F5F16900CFB1D2 /* SceneDelegate.swift */; };
		BD3F855C23F5F16900CFB1D2 /* Assets.xcassets in Resources */ = {isa = PBXBuildFile; fileRef = BD3F855723F5F16900CFB1D2 /* Assets.xcassets */; };
		BD3F855D23F5F16900CFB1D2 /* SettingsViewController.swift in Sources */ = {isa = PBXBuildFile; fileRef = BD3F855823F5F16900CFB1D2 /* SettingsViewController.swift */; };
		BD3F855E23F5F16900CFB1D2 /* ProfileViewController.swift in Sources */ = {isa = PBXBuildFile; fileRef = BD3F855923F5F16900CFB1D2 /* ProfileViewController.swift */; };
/* End PBXBuildFile section */

/* Begin PBXFileReference section */
		BD3F853E23F5F10700CFB1D2 /* ProtocolDelegate.app */ = {isa = PBXFileReference; explicitFileType = wrapper.application; includeInIndex = 0; path = ProtocolDelegate.app; sourceTree = BUILT_PRODUCTS_DIR; };
		BD3F854123F5F10700CFB1D2 /* AppDelegate.swift */ = {isa = PBXFileReference; lastKnownFileType = sourcecode.swift; path = AppDelegate.swift; sourceTree = "<group>"; };
		BD3F854D23F5F10900CFB1D2 /* Base */ = {isa = PBXFileReference; lastKnownFileType = file.storyboard; name = Base; path = Base.lproj/LaunchScreen.storyboard; sourceTree = "<group>"; };
		BD3F854F23F5F10900CFB1D2 /* Info.plist */ = {isa = PBXFileReference; lastKnownFileType = text.plist.xml; path = Info.plist; sourceTree = "<group>"; };
		BD3F855523F5F16800CFB1D2 /* Profile.swift */ = {isa = PBXFileReference; fileEncoding = 4; lastKnownFileType = sourcecode.swift; path = Profile.swift; sourceTree = "<group>"; };
		BD3F855623F5F16900CFB1D2 /* SceneDelegate.swift */ = {isa = PBXFileReference; fileEncoding = 4; lastKnownFileType = sourcecode.swift; path = SceneDelegate.swift; sourceTree = "<group>"; };
		BD3F855723F5F16900CFB1D2 /* Assets.xcassets */ = {isa = PBXFileReference; lastKnownFileType = folder.assetcatalog; path = Assets.xcassets; sourceTree = "<group>"; };
		BD3F855823F5F16900CFB1D2 /* SettingsViewController.swift */ = {isa = PBXFileReference; fileEncoding = 4; lastKnownFileType = sourcecode.swift; path = SettingsViewController.swift; sourceTree = "<group>"; };
		BD3F855923F5F16900CFB1D2 /* ProfileViewController.swift */ = {isa = PBXFileReference; fileEncoding = 4; lastKnownFileType = sourcecode.swift; path = ProfileViewController.swift; sourceTree = "<group>"; };
/* End PBXFileReference section */

/* Begin PBXFrameworksBuildPhase section */
		BD3F853B23F5F10700CFB1D2 /* Frameworks */ = {
			isa = PBXFrameworksBuildPhase;
			buildActionMask = 2147483647;
			files = (
			);
			runOnlyForDeploymentPostprocessing = 0;
		};
/* End PBXFrameworksBuildPhase section */

/* Begin PBXGroup section */
		BD3F853523F5F10700CFB1D2 = {
			isa = PBXGroup;
			children = (
				BD3F854023F5F10700CFB1D2 /* ProtocolDelegate */,
				BD3F853F23F5F10700CFB1D2 /* Products */,
			);
			sourceTree = "<group>";
		};
		BD3F853F23F5F10700CFB1D2 /* Products */ = {
			isa = PBXGroup;
			children = (
				BD3F853E23F5F10700CFB1D2 /* ProtocolDelegate.app */,
			);
			name = Products;
			sourceTree = "<group>";
		};
		BD3F854023F5F10700CFB1D2 /* ProtocolDelegate */ = {
			isa = PBXGroup;
			children = (
				BD3F855723F5F16900CFB1D2 /* Assets.xcassets */,
				BD3F855523F5F16800CFB1D2 /* Profile.swift */,
				BD3F855923F5F16900CFB1D2 /* ProfileViewController.swift */,
				BD3F855623F5F16900CFB1D2 /* SceneDelegate.swift */,
				BD3F855823F5F16900CFB1D2 /* SettingsViewController.swift */,
				BD3F854123F5F10700CFB1D2 /* AppDelegate.swift */,
				BD3F854C23F5F10900CFB1D2 /* LaunchScreen.storyboard */,
				BD3F854F23F5F10900CFB1D2 /* Info.plist */,
			);
			path = ProtocolDelegate;
			sourceTree = "<group>";
		};
/* End PBXGroup section */

/* Begin PBXNativeTarget section */
		BD3F853D23F5F10700CFB1D2 /* ProtocolDelegate */ = {
			isa = PBXNativeTarget;
			buildConfigurationList = BD3F855223F5F10900CFB1D2 /* Build configuration list for PBXNativeTarget "ProtocolDelegate" */;
			buildPhases = (
				BD3F853A23F5F10700CFB1D2 /* Sources */,
				BD3F853B23F5F10700CFB1D2 /* Frameworks */,
				BD3F853C23F5F10700CFB1D2 /* Resources */,
			);
			buildRules = (
			);
			dependencies = (
			);
			name = ProtocolDelegate;
			productName = ProtocolDelegate;
			productReference = BD3F853E23F5F10700CFB1D2 /* ProtocolDelegate.app */;
			productType = "com.apple.product-type.application";
		};
/* End PBXNativeTarget section */

/* Begin PBXProject section */
		BD3F853623F5F10700CFB1D2 /* Project object */ = {
			isa = PBXProject;
			attributes = {
				LastSwiftUpdateCheck = 1120;
				LastUpgradeCheck = 1120;
				ORGANIZATIONNAME = "Fernando Martin Garcia Del Angel";
				TargetAttributes = {
					BD3F853D23F5F10700CFB1D2 = {
						CreatedOnToolsVersion = 11.2;
					};
				};
			};
			buildConfigurationList = BD3F853923F5F10700CFB1D2 /* Build configuration list for PBXProject "ProtocolDelegate" */;
			compatibilityVersion = "Xcode 9.3";
			developmentRegion = en;
			hasScannedForEncodings = 0;
			knownRegions = (
				en,
				Base,
			);
			mainGroup = BD3F853523F5F10700CFB1D2;
			productRefGroup = BD3F853F23F5F10700CFB1D2 /* Products */;
			projectDirPath = "";
			projectRoot = "";
			targets = (
				BD3F853D23F5F10700CFB1D2 /* ProtocolDelegate */,
			);
		};
/* End PBXProject section */

/* Begin PBXResourcesBuildPhase section */
		BD3F853C23F5F10700CFB1D2 /* Resources */ = {
			isa = PBXResourcesBuildPhase;
			buildActionMask = 2147483647;
			files = (
				BD3F854E23F5F10900CFB1D2 /* LaunchScreen.storyboard in Resources */,
				BD3F855C23F5F16900CFB1D2 /* Assets.xcassets in Resources */,
			);
			runOnlyForDeploymentPostprocessing = 0;
		};
/* End PBXResourcesBuildPhase section */

/* Begin PBXSourcesBuildPhase section */
		BD3F853A23F5F10700CFB1D2 /* Sources */ = {
			isa = PBXSourcesBuildPhase;
			buildActionMask = 2147483647;
			files = (
				BD3F854223F5F10700CFB1D2 /* AppDelegate.swift in Sources */,
				BD3F855A23F5F16900CFB1D2 /* Profile.swift in Sources */,
				BD3F855E23F5F16900CFB1D2 /* ProfileViewController.swift in Sources */,
				BD3F855B23F5F16900CFB1D2 /* SceneDelegate.swift in Sources */,
				BD3F855D23F5F16900CFB1D2 /* SettingsViewController.swift in Sources */,
			);
			runOnlyForDeploymentPostprocessing = 0;
		};
/* End PBXSourcesBuildPhase section */

/* Begin PBXVariantGroup section */
		BD3F854C23F5F10900CFB1D2 /* LaunchScreen.storyboard */ = {
			isa = PBXVariantGroup;
			children = (
				BD3F854D23F5F10900CFB1D2 /* Base */,
			);
			name = LaunchScreen.storyboard;
			sourceTree = "<group>";
		};
/* End PBXVariantGroup section */

/* Begin XCBuildConfiguration section */
		BD3F855023F5F10900CFB1D2 /* Debug */ = {
			isa = XCBuildConfiguration;
			buildSettings = {
				ALWAYS_SEARCH_USER_PATHS = NO;
				CLANG_ANALYZER_NONNULL = YES;
				CLANG_ANALYZER_NUMBER_OBJECT_CONVERSION = YES_AGGRESSIVE;
				CLANG_CXX_LANGUAGE_STANDARD = "gnu++14";
				CLANG_CXX_LIBRARY = "libc++";
				CLANG_ENABLE_MODULES = YES;
				CLANG_ENABLE_OBJC_ARC = YES;
				CLANG_ENABLE_OBJC_WEAK = YES;
				CLANG_WARN_BLOCK_CAPTURE_AUTORELEASING = YES;
				CLANG_WARN_BOOL_CONVERSION = YES;
				CLANG_WARN_COMMA = YES;
				CLANG_WARN_CONSTANT_CONVERSION = YES;
				CLANG_WARN_DEPRECATED_OBJC_IMPLEMENTATIONS = YES;
				CLANG_WARN_DIRECT_OBJC_ISA_USAGE = YES_ERROR;
				CLANG_WARN_DOCUMENTATION_COMMENTS = YES;
				CLANG_WARN_EMPTY_BODY = YES;
				CLANG_WARN_ENUM_CONVERSION = YES;
				CLANG_WARN_INFINITE_RECURSION = YES;
				CLANG_WARN_INT_CONVERSION = YES;
				CLANG_WARN_NON_LITERAL_NULL_CONVERSION = YES;
				CLANG_WARN_OBJC_IMPLICIT_RETAIN_SELF = YES;
				CLANG_WARN_OBJC_LITERAL_CONVERSION = YES;
				CLANG_WARN_OBJC_ROOT_CLASS = YES_ERROR;
				CLANG_WARN_RANGE_LOOP_ANALYSIS = YES;
				CLANG_WARN_STRICT_PROTOTYPES = YES;
				CLANG_WARN_SUSPICIOUS_MOVE = YES;
				CLANG_WARN_UNGUARDED_AVAILABILITY = YES_AGGRESSIVE;
				CLANG_WARN_UNREACHABLE_CODE = YES;
				CLANG_WARN__DUPLICATE_METHOD_MATCH = YES;
				COPY_PHASE_STRIP = NO;
				DEBUG_INFORMATION_FORMAT = dwarf;
				ENABLE_STRICT_OBJC_MSGSEND = YES;
				ENABLE_TESTABILITY = YES;
				GCC_C_LANGUAGE_STANDARD = gnu11;
				GCC_DYNAMIC_NO_PIC = NO;
				GCC_NO_COMMON_BLOCKS = YES;
				GCC_OPTIMIZATION_LEVEL = 0;
				GCC_PREPROCESSOR_DEFINITIONS = (
					"DEBUG=1",
					"$(inherited)",
				);
				GCC_WARN_64_TO_32_BIT_CONVERSION = YES;
				GCC_WARN_ABOUT_RETURN_TYPE = YES_ERROR;
				GCC_WARN_UNDECLARED_SELECTOR = YES;
				GCC_WARN_UNINITIALIZED_AUTOS = YES_AGGRESSIVE;
				GCC_WARN_UNUSED_FUNCTION = YES;
				GCC_WARN_UNUSED_VARIABLE = YES;
				IPHONEOS_DEPLOYMENT_TARGET = 13.2;
				MTL_ENABLE_DEBUG_INFO = INCLUDE_SOURCE;
				MTL_FAST_MATH = YES;
				ONLY_ACTIVE_ARCH = YES;
				SDKROOT = iphoneos;
				SWIFT_ACTIVE_COMPILATION_CONDITIONS = DEBUG;
				SWIFT_OPTIMIZATION_LEVEL = "-Onone";
			};
			name = Debug;
		};
		BD3F855123F5F10900CFB1D2 /* Release */ = {
			isa = XCBuildConfiguration;
			buildSettings = {
				ALWAYS_SEARCH_USER_PATHS = NO;
				CLANG_ANALYZER_NONNULL = YES;
				CLANG_ANALYZER_NUMBER_OBJECT_CONVERSION = YES_AGGRESSIVE;
				CLANG_CXX_LANGUAGE_STANDARD = "gnu++14";
				CLANG_CXX_LIBRARY = "libc++";
				CLANG_ENABLE_MODULES = YES;
				CLANG_ENABLE_OBJC_ARC = YES;
				CLANG_ENABLE_OBJC_WEAK = YES;
				CLANG_WARN_BLOCK_CAPTURE_AUTORELEASING = YES;
				CLANG_WARN_BOOL_CONVERSION = YES;
				CLANG_WARN_COMMA = YES;
				CLANG_WARN_CONSTANT_CONVERSION = YES;
				CLANG_WARN_DEPRECATED_OBJC_IMPLEMENTATIONS = YES;
				CLANG_WARN_DIRECT_OBJC_ISA_USAGE = YES_ERROR;
				CLANG_WARN_DOCUMENTATION_COMMENTS = YES;
				CLANG_WARN_EMPTY_BODY = YES;
				CLANG_WARN_ENUM_CONVERSION = YES;
				CLANG_WARN_INFINITE_RECURSION = YES;
				CLANG_WARN_INT_CONVERSION = YES;
				CLANG_WARN_NON_LITERAL_NULL_CONVERSION = YES;
				CLANG_WARN_OBJC_IMPLICIT_RETAIN_SELF = YES;
				CLANG_WARN_OBJC_LITERAL_CONVERSION = YES;
				CLANG_WARN_OBJC_ROOT_CLASS = YES_ERROR;
				CLANG_WARN_RANGE_LOOP_ANALYSIS = YES;
				CLANG_WARN_STRICT_PROTOTYPES = YES;
				CLANG_WARN_SUSPICIOUS_MOVE = YES;
				CLANG_WARN_UNGUARDED_AVAILABILITY = YES_AGGRESSIVE;
				CLANG_WARN_UNREACHABLE_CODE = YES;
				CLANG_WARN__DUPLICATE_METHOD_MATCH = YES;
				COPY_PHASE_STRIP = NO;
				DEBUG_INFORMATION_FORMAT = "dwarf-with-dsym";
				ENABLE_NS_ASSERTIONS = NO;
				ENABLE_STRICT_OBJC_MSGSEND = YES;
				GCC_C_LANGUAGE_STANDARD = gnu11;
				GCC_NO_COMMON_BLOCKS = YES;
				GCC_WARN_64_TO_32_BIT_CONVERSION = YES;
				GCC_WARN_ABOUT_RETURN_TYPE = YES_ERROR;
				GCC_WARN_UNDECLARED_SELECTOR = YES;
				GCC_WARN_UNINITIALIZED_AUTOS = YES_AGGRESSIVE;
				GCC_WARN_UNUSED_FUNCTION = YES;
				GCC_WARN_UNUSED_VARIABLE = YES;
				IPHONEOS_DEPLOYMENT_TARGET = 13.2;
				MTL_ENABLE_DEBUG_INFO = NO;
				MTL_FAST_MATH = YES;
				SDKROOT = iphoneos;
				SWIFT_COMPILATION_MODE = wholemodule;
				SWIFT_OPTIMIZATION_LEVEL = "-O";
				VALIDATE_PRODUCT = YES;
			};
			name = Release;
		};
		BD3F855323F5F10900CFB1D2 /* Debug */ = {
			isa = XCBuildConfiguration;
			buildSettings = {
				ASSETCATALOG_COMPILER_APPICON_NAME = AppIcon;
				CODE_SIGN_STYLE = Automatic;
				DEVELOPMENT_TEAM = R935X42Z66;
				INFOPLIST_FILE = ProtocolDelegate/Info.plist;
				LD_RUNPATH_SEARCH_PATHS = (
					"$(inherited)",
					"@executable_path/Frameworks",
				);
				PRODUCT_BUNDLE_IDENTIFIER = com.martntn.ProtocolDelegate;
				PRODUCT_NAME = "$(TARGET_NAME)";
				SWIFT_VERSION = 5.0;
				TARGETED_DEVICE_FAMILY = "1,2";
			};
			name = Debug;
		};
		BD3F855423F5F10900CFB1D2 /* Release */ = {
			isa = XCBuildConfiguration;
			buildSettings = {
				ASSETCATALOG_COMPILER_APPICON_NAME = AppIcon;
				CODE_SIGN_STYLE = Automatic;
				DEVELOPMENT_TEAM = R935X42Z66;
				INFOPLIST_FILE = ProtocolDelegate/Info.plist;
				LD_RUNPATH_SEARCH_PATHS = (
					"$(inherited)",
					"@executable_path/Frameworks",
				);
				PRODUCT_BUNDLE_IDENTIFIER = com.martntn.ProtocolDelegate;
				PRODUCT_NAME = "$(TARGET_NAME)";
				SWIFT_VERSION = 5.0;
				TARGETED_DEVICE_FAMILY = "1,2";
			};
			name = Release;
		};
/* End XCBuildConfiguration section */

/* Begin XCConfigurationList section */
		BD3F853923F5F10700CFB1D2 /* Build configuration list for PBXProject "ProtocolDelegate" */ = {
			isa = XCConfigurationList;
			buildConfigurations = (
				BD3F855023F5F10900CFB1D2 /* Debug */,
				BD3F855123F5F10900CFB1D2 /* Release */,
			);
			defaultConfigurationIsVisible = 0;
			defaultConfigurationName = Release;
		};
		BD3F855223F5F10900CFB1D2 /* Build configuration list for PBXNativeTarget "ProtocolDelegate" */ = {
			isa = XCConfigurationList;
			buildConfigurations = (
				BD3F855323F5F10900CFB1D2 /* Debug */,
				BD3F855423F5F10900CFB1D2 /* Release */,
			);
			defaultConfigurationIsVisible = 0;
			defaultConfigurationName = Release;
		};
/* End XCConfigurationList section */
	};
	rootObject = BD3F853623F5F10700CFB1D2 /* Project object */;
}
